// !$*UTF8*$!
{
	archiveVersion = 1;
	classes = {
	};
	objectVersion = 50;
	objects = {

/* Begin PBXBuildFile section */
		E885E28320A3A9560060FB85 /* SDL2.framework in Frameworks */ = {isa = PBXBuildFile; fileRef = E885E28220A3A9560060FB85 /* SDL2.framework */; settings = {ATTRIBUTES = (Required, ); }; };
		E885E28720A3AAD40060FB85 /* SDL2_mixer.framework in Frameworks */ = {isa = PBXBuildFile; fileRef = E885E28420A3AAD40060FB85 /* SDL2_mixer.framework */; };
		E885E28820A3AAD40060FB85 /* SDL2_ttf.framework in Frameworks */ = {isa = PBXBuildFile; fileRef = E885E28520A3AAD40060FB85 /* SDL2_ttf.framework */; };
		E885E28920A3AAD40060FB85 /* SDL2_image.framework in Frameworks */ = {isa = PBXBuildFile; fileRef = E885E28620A3AAD40060FB85 /* SDL2_image.framework */; };
		E88AAC6920A4ECFF00640FAA /* img in Resources */ = {isa = PBXBuildFile; fileRef = E885E28C20A3ABEE0060FB85 /* img */; };
		E88AAC6A20A4ED5300640FAA /* fonts in Resources */ = {isa = PBXBuildFile; fileRef = E885E28F20A3ABEE0060FB85 /* fonts */; };
		E88AAC6B20A4ED5900640FAA /* audio in Resources */ = {isa = PBXBuildFile; fileRef = E885E28E20A3ABEE0060FB85 /* audio */; };
		E88AAC6C20A4ED5E00640FAA /* scenes in Resources */ = {isa = PBXBuildFile; fileRef = E885E28B20A3ABEE0060FB85 /* scenes */; };
/* End PBXBuildFile section */

/* Begin PBXCopyFilesBuildPhase section */
		E885E27520A3A88F0060FB85 /* CopyFiles */ = {
			isa = PBXCopyFilesBuildPhase;
			buildActionMask = 2147483647;
			dstPath = /usr/share/man/man1/;
			dstSubfolderSpec = 0;
			files = (
			);
			runOnlyForDeploymentPostprocessing = 1;
		};
/* End PBXCopyFilesBuildPhase section */

/* Begin PBXFileReference section */
		E885E27720A3A88F0060FB85 /* PurpleRain */ = {isa = PBXFileReference; explicitFileType = "compiled.mach-o.executable"; includeInIndex = 0; path = PurpleRain; sourceTree = BUILT_PRODUCTS_DIR; };
		E885E28220A3A9560060FB85 /* SDL2.framework */ = {isa = PBXFileReference; lastKnownFileType = wrapper.framework; name = SDL2.framework; path = ../../../../../Library/Frameworks/SDL2.framework; sourceTree = "<group>"; };
		E885E28420A3AAD40060FB85 /* SDL2_mixer.framework */ = {isa = PBXFileReference; lastKnownFileType = wrapper.framework; name = SDL2_mixer.framework; path = ../../../../../Library/Frameworks/SDL2_mixer.framework; sourceTree = "<group>"; };
		E885E28520A3AAD40060FB85 /* SDL2_ttf.framework */ = {isa = PBXFileReference; lastKnownFileType = wrapper.framework; name = SDL2_ttf.framework; path = ../../../../../Library/Frameworks/SDL2_ttf.framework; sourceTree = "<group>"; };
		E885E28620A3AAD40060FB85 /* SDL2_image.framework */ = {isa = PBXFileReference; lastKnownFileType = wrapper.framework; name = SDL2_image.framework; path = ../../../../../Library/Frameworks/SDL2_image.framework; sourceTree = "<group>"; };
		E885E28A20A3ABED0060FB85 /* README.md */ = {isa = PBXFileReference; fileEncoding = 4; lastKnownFileType = net.daringfireball.markdown; path = README.md; sourceTree = "<group>"; };
		E885E28B20A3ABEE0060FB85 /* scenes */ = {isa = PBXFileReference; lastKnownFileType = folder; path = scenes; sourceTree = "<group>"; };
		E885E28C20A3ABEE0060FB85 /* img */ = {isa = PBXFileReference; lastKnownFileType = folder; path = img; sourceTree = "<group>"; };
		E885E28D20A3ABEE0060FB85 /* source */ = {isa = PBXFileReference; lastKnownFileType = folder; path = source; sourceTree = "<group>"; };
		E885E28E20A3ABEE0060FB85 /* audio */ = {isa = PBXFileReference; lastKnownFileType = folder; path = audio; sourceTree = "<group>"; };
		E885E28F20A3ABEE0060FB85 /* fonts */ = {isa = PBXFileReference; lastKnownFileType = folder; path = fonts; sourceTree = "<group>"; };
/* End PBXFileReference section */

/* Begin PBXFrameworksBuildPhase section */
		E885E27420A3A88F0060FB85 /* Frameworks */ = {
			isa = PBXFrameworksBuildPhase;
			buildActionMask = 2147483647;
			files = (
				E885E28720A3AAD40060FB85 /* SDL2_mixer.framework in Frameworks */,
				E885E28820A3AAD40060FB85 /* SDL2_ttf.framework in Frameworks */,
				E885E28920A3AAD40060FB85 /* SDL2_image.framework in Frameworks */,
				E885E28320A3A9560060FB85 /* SDL2.framework in Frameworks */,
			);
			runOnlyForDeploymentPostprocessing = 0;
		};
/* End PBXFrameworksBuildPhase section */

/* Begin PBXGroup section */
		E885E26E20A3A88F0060FB85 = {
			isa = PBXGroup;
			children = (
				E885E27920A3A88F0060FB85 /* PurpleRain */,
				E885E27820A3A88F0060FB85 /* Products */,
				E885E28120A3A9560060FB85 /* Frameworks */,
			);
			sourceTree = "<group>";
		};
		E885E27820A3A88F0060FB85 /* Products */ = {
			isa = PBXGroup;
			children = (
				E885E27720A3A88F0060FB85 /* PurpleRain */,
			);
			name = Products;
			sourceTree = "<group>";
		};
		E885E27920A3A88F0060FB85 /* PurpleRain */ = {
			isa = PBXGroup;
			children = (
				E885E28E20A3ABEE0060FB85 /* audio */,
				E885E28F20A3ABEE0060FB85 /* fonts */,
				E885E28C20A3ABEE0060FB85 /* img */,
				E885E28A20A3ABED0060FB85 /* README.md */,
				E885E28B20A3ABEE0060FB85 /* scenes */,
				E885E28D20A3ABEE0060FB85 /* source */,
			);
			path = PurpleRain;
			sourceTree = "<group>";
		};
		E885E28120A3A9560060FB85 /* Frameworks */ = {
			isa = PBXGroup;
			children = (
				E885E28620A3AAD40060FB85 /* SDL2_image.framework */,
				E885E28420A3AAD40060FB85 /* SDL2_mixer.framework */,
				E885E28520A3AAD40060FB85 /* SDL2_ttf.framework */,
				E885E28220A3A9560060FB85 /* SDL2.framework */,
			);
			name = Frameworks;
			sourceTree = "<group>";
		};
/* End PBXGroup section */

/* Begin PBXHeadersBuildPhase section */
		E88AAC2A20A4E93100640FAA /* Headers */ = {
			isa = PBXHeadersBuildPhase;
			buildActionMask = 2147483647;
			files = (
			);
			runOnlyForDeploymentPostprocessing = 0;
		};
/* End PBXHeadersBuildPhase section */

/* Begin PBXNativeTarget section */
		E885E27620A3A88F0060FB85 /* PurpleRain */ = {
			isa = PBXNativeTarget;
			buildConfigurationList = E885E27E20A3A88F0060FB85 /* Build configuration list for PBXNativeTarget "PurpleRain" */;
			buildPhases = (
				E885E27320A3A88F0060FB85 /* Sources */,
				E885E27420A3A88F0060FB85 /* Frameworks */,
				E885E27520A3A88F0060FB85 /* CopyFiles */,
				E88AAC2A20A4E93100640FAA /* Headers */,
				E88AAC3920A4EBBF00640FAA /* Resources */,
			);
			buildRules = (
			);
			dependencies = (
			);
			name = PurpleRain;
			productName = PurpleRain;
			productReference = E885E27720A3A88F0060FB85 /* PurpleRain */;
			productType = "com.apple.product-type.tool";
		};
/* End PBXNativeTarget section */

/* Begin PBXProject section */
		E885E26F20A3A88F0060FB85 /* Project object */ = {
			isa = PBXProject;
			attributes = {
				LastUpgradeCheck = 0930;
				ORGANIZATIONNAME = nomaterials;
				TargetAttributes = {
					E885E27620A3A88F0060FB85 = {
						CreatedOnToolsVersion = 9.3;
					};
				};
			};
			buildConfigurationList = E885E27220A3A88F0060FB85 /* Build configuration list for PBXProject "PurpleRain" */;
			compatibilityVersion = "Xcode 9.3";
			developmentRegion = en;
			hasScannedForEncodings = 0;
			knownRegions = (
				en,
			);
			mainGroup = E885E26E20A3A88F0060FB85;
			productRefGroup = E885E27820A3A88F0060FB85 /* Products */;
			projectDirPath = "";
			projectRoot = "";
			targets = (
				E885E27620A3A88F0060FB85 /* PurpleRain */,
			);
		};
/* End PBXProject section */

/* Begin PBXResourcesBuildPhase section */
		E88AAC3920A4EBBF00640FAA /* Resources */ = {
			isa = PBXResourcesBuildPhase;
			buildActionMask = 2147483647;
			files = (
				E88AAC6C20A4ED5E00640FAA /* scenes in Resources */,
				E88AAC6B20A4ED5900640FAA /* audio in Resources */,
				E88AAC6A20A4ED5300640FAA /* fonts in Resources */,
				E88AAC6920A4ECFF00640FAA /* img in Resources */,
			);
			runOnlyForDeploymentPostprocessing = 0;
		};
/* End PBXResourcesBuildPhase section */

/* Begin PBXSourcesBuildPhase section */
		E885E27320A3A88F0060FB85 /* Sources */ = {
			isa = PBXSourcesBuildPhase;
			buildActionMask = 2147483647;
			files = (
			);
			runOnlyForDeploymentPostprocessing = 0;
		};
/* End PBXSourcesBuildPhase section */

/* Begin XCBuildConfiguration section */
		E885E27C20A3A88F0060FB85 /* Debug */ = {
			isa = XCBuildConfiguration;
			buildSettings = {
				ALWAYS_SEARCH_USER_PATHS = NO;
				CLANG_ANALYZER_NONNULL = YES;
				CLANG_ANALYZER_NUMBER_OBJECT_CONVERSION = YES_AGGRESSIVE;
				CLANG_CXX_LANGUAGE_STANDARD = "gnu++14";
				CLANG_CXX_LIBRARY = "libc++";
				CLANG_ENABLE_MODULES = YES;
				CLANG_ENABLE_OBJC_ARC = YES;
				CLANG_ENABLE_OBJC_WEAK = YES;
				CLANG_WARN_BLOCK_CAPTURE_AUTORELEASING = YES;
				CLANG_WARN_BOOL_CONVERSION = YES;
				CLANG_WARN_COMMA = YES;
				CLANG_WARN_CONSTANT_CONVERSION = YES;
				CLANG_WARN_DEPRECATED_OBJC_IMPLEMENTATIONS = YES;
				CLANG_WARN_DIRECT_OBJC_ISA_USAGE = YES_ERROR;
				CLANG_WARN_DOCUMENTATION_COMMENTS = YES;
				CLANG_WARN_EMPTY_BODY = YES;
				CLANG_WARN_ENUM_CONVERSION = YES;
				CLANG_WARN_INFINITE_RECURSION = YES;
				CLANG_WARN_INT_CONVERSION = YES;
				CLANG_WARN_NON_LITERAL_NULL_CONVERSION = YES;
				CLANG_WARN_OBJC_IMPLICIT_RETAIN_SELF = YES;
				CLANG_WARN_OBJC_LITERAL_CONVERSION = YES;
				CLANG_WARN_OBJC_ROOT_CLASS = YES_ERROR;
				CLANG_WARN_RANGE_LOOP_ANALYSIS = YES;
				CLANG_WARN_STRICT_PROTOTYPES = YES;
				CLANG_WARN_SUSPICIOUS_MOVE = YES;
				CLANG_WARN_UNGUARDED_AVAILABILITY = YES_AGGRESSIVE;
				CLANG_WARN_UNREACHABLE_CODE = YES;
				CLANG_WARN__DUPLICATE_METHOD_MATCH = YES;
				CODE_SIGN_IDENTITY = "Mac Developer";
				COPY_PHASE_STRIP = NO;
				DEBUG_INFORMATION_FORMAT = dwarf;
				ENABLE_STRICT_OBJC_MSGSEND = YES;
				ENABLE_TESTABILITY = YES;
				GCC_C_LANGUAGE_STANDARD = gnu11;
				GCC_DYNAMIC_NO_PIC = NO;
				GCC_NO_COMMON_BLOCKS = YES;
				GCC_OPTIMIZATION_LEVEL = 0;
				GCC_PREPROCESSOR_DEFINITIONS = (
					"DEBUG=1",
					"$(inherited)",
				);
				GCC_WARN_64_TO_32_BIT_CONVERSION = YES;
				GCC_WARN_ABOUT_RETURN_TYPE = YES_ERROR;
				GCC_WARN_UNDECLARED_SELECTOR = YES;
				GCC_WARN_UNINITIALIZED_AUTOS = YES_AGGRESSIVE;
				GCC_WARN_UNUSED_FUNCTION = YES;
				GCC_WARN_UNUSED_VARIABLE = YES;
				MACOSX_DEPLOYMENT_TARGET = 10.13;
				MTL_ENABLE_DEBUG_INFO = YES;
				ONLY_ACTIVE_ARCH = YES;
				SDKROOT = macosx;
			};
			name = Debug;
		};
		E885E27D20A3A88F0060FB85 /* Release */ = {
			isa = XCBuildConfiguration;
			buildSettings = {
				ALWAYS_SEARCH_USER_PATHS = NO;
				CLANG_ANALYZER_NONNULL = YES;
				CLANG_ANALYZER_NUMBER_OBJECT_CONVERSION = YES_AGGRESSIVE;
				CLANG_CXX_LANGUAGE_STANDARD = "gnu++14";
				CLANG_CXX_LIBRARY = "libc++";
				CLANG_ENABLE_MODULES = YES;
				CLANG_ENABLE_OBJC_ARC = YES;
				CLANG_ENABLE_OBJC_WEAK = YES;
				CLANG_WARN_BLOCK_CAPTURE_AUTORELEASING = YES;
				CLANG_WARN_BOOL_CONVERSION = YES;
				CLANG_WARN_COMMA = YES;
				CLANG_WARN_CONSTANT_CONVERSION = YES;
				CLANG_WARN_DEPRECATED_OBJC_IMPLEMENTATIONS = YES;
				CLANG_WARN_DIRECT_OBJC_ISA_USAGE = YES_ERROR;
				CLANG_WARN_DOCUMENTATION_COMMENTS = YES;
				CLANG_WARN_EMPTY_BODY = YES;
				CLANG_WARN_ENUM_CONVERSION = YES;
				CLANG_WARN_INFINITE_RECURSION = YES;
				CLANG_WARN_INT_CONVERSION = YES;
				CLANG_WARN_NON_LITERAL_NULL_CONVERSION = YES;
				CLANG_WARN_OBJC_IMPLICIT_RETAIN_SELF = YES;
				CLANG_WARN_OBJC_LITERAL_CONVERSION = YES;
				CLANG_WARN_OBJC_ROOT_CLASS = YES_ERROR;
				CLANG_WARN_RANGE_LOOP_ANALYSIS = YES;
				CLANG_WARN_STRICT_PROTOTYPES = YES;
				CLANG_WARN_SUSPICIOUS_MOVE = YES;
				CLANG_WARN_UNGUARDED_AVAILABILITY = YES_AGGRESSIVE;
				CLANG_WARN_UNREACHABLE_CODE = YES;
				CLANG_WARN__DUPLICATE_METHOD_MATCH = YES;
				CODE_SIGN_IDENTITY = "Mac Developer";
				COPY_PHASE_STRIP = NO;
				DEBUG_INFORMATION_FORMAT = "dwarf-with-dsym";
				ENABLE_NS_ASSERTIONS = NO;
				ENABLE_STRICT_OBJC_MSGSEND = YES;
				GCC_C_LANGUAGE_STANDARD = gnu11;
				GCC_NO_COMMON_BLOCKS = YES;
				GCC_WARN_64_TO_32_BIT_CONVERSION = YES;
				GCC_WARN_ABOUT_RETURN_TYPE = YES_ERROR;
				GCC_WARN_UNDECLARED_SELECTOR = YES;
				GCC_WARN_UNINITIALIZED_AUTOS = YES_AGGRESSIVE;
				GCC_WARN_UNUSED_FUNCTION = YES;
				GCC_WARN_UNUSED_VARIABLE = YES;
				MACOSX_DEPLOYMENT_TARGET = 10.13;
				MTL_ENABLE_DEBUG_INFO = NO;
				SDKROOT = macosx;
			};
			name = Release;
		};
		E885E27F20A3A88F0060FB85 /* Debug */ = {
			isa = XCBuildConfiguration;
			buildSettings = {
				CODE_SIGN_STYLE = Automatic;
				DEVELOPMENT_TEAM = Y54WKK7Y9W;
				FRAMEWORK_SEARCH_PATHS = (
					"$(inherited)",
					"$(LOCAL_LIBRARY_DIR)/Frameworks",
				);
				PRODUCT_NAME = "$(TARGET_NAME)";
			};
			name = Debug;
		};
		E885E28020A3A88F0060FB85 /* Release */ = {
			isa = XCBuildConfiguration;
			buildSettings = {
				CODE_SIGN_STYLE = Automatic;
				DEVELOPMENT_TEAM = Y54WKK7Y9W;
				FRAMEWORK_SEARCH_PATHS = (
					"$(inherited)",
					"$(LOCAL_LIBRARY_DIR)/Frameworks",
				);
				PRODUCT_NAME = "$(TARGET_NAME)";
			};
			name = Release;
		};
/* End XCBuildConfiguration section */

/* Begin XCConfigurationList section */
		E885E27220A3A88F0060FB85 /* Build configuration list for PBXProject "PurpleRain" */ = {
			isa = XCConfigurationList;
			buildConfigurations = (
				E885E27C20A3A88F0060FB85 /* Debug */,
				E885E27D20A3A88F0060FB85 /* Release */,
			);
			defaultConfigurationIsVisible = 0;
			defaultConfigurationName = Release;
		};
		E885E27E20A3A88F0060FB85 /* Build configuration list for PBXNativeTarget "PurpleRain" */ = {
			isa = XCConfigurationList;
			buildConfigurations = (
				E885E27F20A3A88F0060FB85 /* Debug */,
				E885E28020A3A88F0060FB85 /* Release */,
			);
			defaultConfigurationIsVisible = 0;
			defaultConfigurationName = Release;
		};
/* End XCConfigurationList section */
	};
	rootObject = E885E26F20A3A88F0060FB85 /* Project object */;
}
